# This file is automatically @generated by Cargo.
# It is not intended for manual editing.
[[package]]
name = "protobuf"
version = "2.16.2"
source = "registry+https://github.com/rust-lang/crates.io-index"
checksum = "d883f78645c21b7281d21305181aa1f4dd9e9363e7cf2566c93121552cff003e"

[[package]]
name = "protobuf-codegen"
version = "2.16.2"
dependencies = [
 "protobuf",
]
