# This file is automatically @generated by Cargo.
# It is not intended for manual editing.
version = 3

[[package]]
name = "protobuf"
version = "2.25.0"
source = "registry+https://github.com/rust-lang/crates.io-index"
checksum = "020f86b07722c5c4291f7c723eac4676b3892d47d9a7708dc2779696407f039b"

[[package]]
name = "protobuf-codegen"
version = "2.25.0"
dependencies = [
 "protobuf",
]
