# This file is automatically @generated by Cargo.
# It is not intended for manual editing.
[[package]]
name = "protobuf"
version = "2.18.0"
source = "registry+https://github.com/rust-lang/crates.io-index"
checksum = "6d147edb77bcccbfc81fabffdc7bd50c13e103b15ca1e27515fe40de69a5776b"

[[package]]
name = "protobuf-codegen"
version = "2.18.0"
dependencies = [
 "protobuf",
]
